<?xml version="1.0" encoding="utf-8"?>
<Project ToolsVersion="14.0" xmlns="http://schemas.microsoft.com/developer/msbuild/2003">
  <ItemGroup>
    <Filter Include="Resource Files">
      <UniqueIdentifier>{67DA6AB6-F800-4c08-8B7A-83BB121AAD01}</UniqueIdentifier>
      <Extensions>rc;ico;cur;bmp;dlg;rc2;rct;bin;rgs;gif;jpg;jpeg;jpe;resx;tga;tiff;tif;png;wav;mfcribbon-ms</Extensions>
    </Filter>
    <Filter Include="ortc">
      <UniqueIdentifier>{ff3dd779-a8c5-4f5a-a042-13da2a7013c9}</UniqueIdentifier>
    </Filter>
    <Filter Include="ortc\services">
      <UniqueIdentifier>{599b6f8d-9e53-4526-b97a-3d8648a6102d}</UniqueIdentifier>
    </Filter>
    <Filter Include="ortc\services\cpp">
      <UniqueIdentifier>{46504267-035e-4bec-a3cb-a9dcf3814a93}</UniqueIdentifier>
    </Filter>
    <Filter Include="ortc\services\internal">
      <UniqueIdentifier>{392c73df-8ad2-4571-b6a1-ebf520cec119}</UniqueIdentifier>
    </Filter>
  </ItemGroup>
</Project>