<?xml version="1.0" encoding="utf-8"?>
<Project ToolsVersion="4.0" xmlns="http://schemas.microsoft.com/developer/msbuild/2003">
  <ItemGroup>
    <Filter Include="Source Files">
      <UniqueIdentifier>{4FC737F1-C7A5-4376-A066-2A32D752A2FF}</UniqueIdentifier>
      <Extensions>cpp;c;cc;cxx;def;odl;idl;hpj;bat;asm;asmx</Extensions>
    </Filter>
    <Filter Include="Header Files">
      <UniqueIdentifier>{93995380-89BD-4b04-88EB-625FBE52EBFB}</UniqueIdentifier>
      <Extensions>h;hh;hpp;hxx;hm;inl;inc;xsd</Extensions>
    </Filter>
    <Filter Include="Resource Files">
      <UniqueIdentifier>{67DA6AB6-F800-4c08-8B7A-83BB121AAD01}</UniqueIdentifier>
      <Extensions>rc;ico;cur;bmp;dlg;rc2;rct;bin;rgs;gif;jpg;jpeg;jpe;resx;tiff;tif;png;wav;mfcribbon-ms</Extensions>
    </Filter>
    <Filter Include="openpeer">
      <UniqueIdentifier>{dc7c323c-5ecd-4925-84b7-8a573bbe4369}</UniqueIdentifier>
    </Filter>
    <Filter Include="openpeer\services">
      <UniqueIdentifier>{2ec28f84-eb15-4c36-b808-55d93d2d2ee4}</UniqueIdentifier>
    </Filter>
    <Filter Include="openpeer\services\test">
      <UniqueIdentifier>{472d32bf-9f92-470a-a6cb-c1693e58092a}</UniqueIdentifier>
    </Filter>
  </ItemGroup>
  <ItemGroup>
    <ClInclude Include="stdafx.h">
      <Filter>Header Files</Filter>
    </ClInclude>
    <ClInclude Include="targetver.h">
      <Filter>Header Files</Filter>
    </ClInclude>
    <ClInclude Include="..\..\..\..\openpeer\services\test\config.h">
      <Filter>openpeer\services\test</Filter>
    </ClInclude>
    <ClInclude Include="..\..\..\..\openpeer\services\test\testing.h">
      <Filter>openpeer\services\test</Filter>
    </ClInclude>
  </ItemGroup>
  <ItemGroup>
    <ClCompile Include="stdafx.cpp">
      <Filter>Source Files</Filter>
    </ClCompile>
    <ClCompile Include="hfservicesTest.Console.cpp">
      <Filter>Source Files</Filter>
    </ClCompile>
    <ClCompile Include="..\..\..\..\openpeer\services\test\main.cpp">
      <Filter>openpeer\services\test</Filter>
    </ClCompile>
    <ClCompile Include="..\..\..\..\openpeer\services\test\TestBackOffTimer.cpp">
      <Filter>openpeer\services\test</Filter>
    </ClCompile>
    <ClCompile Include="..\..\..\..\openpeer\services\test\TestCanonicalXML.cpp">
      <Filter>openpeer\services\test</Filter>
    </ClCompile>
    <ClCompile Include="..\..\..\..\openpeer\services\test\TestDH.cpp">
      <Filter>openpeer\services\test</Filter>
    </ClCompile>
    <ClCompile Include="..\..\..\..\openpeer\services\test\TestDNS.cpp">
      <Filter>openpeer\services\test</Filter>
    </ClCompile>
    <ClCompile Include="..\..\..\..\openpeer\services\test\TestHelper.cpp">
      <Filter>openpeer\services\test</Filter>
    </ClCompile>
    <ClCompile Include="..\..\..\..\openpeer\services\test\TestICESocket.cpp">
      <Filter>openpeer\services\test</Filter>
    </ClCompile>
    <ClCompile Include="..\..\..\..\openpeer\services\test\testing.cpp">
      <Filter>openpeer\services\test</Filter>
    </ClCompile>
    <ClCompile Include="..\..\..\..\openpeer\services\test\TestRUDPICESocket.cpp">
      <Filter>openpeer\services\test</Filter>
    </ClCompile>
    <ClCompile Include="..\..\..\..\openpeer\services\test\TestRUDPICESocketLoopback.cpp">
      <Filter>openpeer\services\test</Filter>
    </ClCompile>
    <ClCompile Include="..\..\..\..\openpeer\services\test\TestRUDPListener.cpp">
      <Filter>openpeer\services\test</Filter>
    </ClCompile>
    <ClCompile Include="..\..\..\..\openpeer\services\test\TestSTUNDiscovery.cpp">
      <Filter>openpeer\services\test</Filter>
    </ClCompile>
    <ClCompile Include="..\..\..\..\openpeer\services\test\TestTCPMessagingLoopback.cpp">
      <Filter>openpeer\services\test</Filter>
    </ClCompile>
    <ClCompile Include="..\..\..\..\openpeer\services\test\TestTURNSocket.cpp">
      <Filter>openpeer\services\test</Filter>
    </ClCompile>
  </ItemGroup>
</Project>