<?xml version="1.0" encoding="utf-8"?>
<Project ToolsVersion="4.0" xmlns="http://schemas.microsoft.com/developer/msbuild/2003">
  <ItemGroup>
    <ClInclude Include="$(MSBuildThisFileDirectory)app.h" />
    <ClInclude Include="$(MSBuildThisFileDirectory)pch.h" />
    <ClInclude Include="$(MSBuildThisFileDirectory)..\..\..\..\openpeer\services\test\config.h">
      <Filter>openpeer\services\test</Filter>
    </ClInclude>
    <ClInclude Include="$(MSBuildThisFileDirectory)..\..\..\..\openpeer\services\test\testing.h">
      <Filter>openpeer\services\test</Filter>
    </ClInclude>
  </ItemGroup>
  <ItemGroup>
    <ClCompile Include="$(MSBuildThisFileDirectory)app.cpp" />
    <ClCompile Include="$(MSBuildThisFileDirectory)pch.cpp" />
    <ClCompile Include="$(MSBuildThisFileDirectory)..\..\..\..\openpeer\services\test\main.cpp">
      <Filter>openpeer\services\test</Filter>
    </ClCompile>
    <ClCompile Include="$(MSBuildThisFileDirectory)..\..\..\..\openpeer\services\test\TestBackOffTimer.cpp">
      <Filter>openpeer\services\test</Filter>
    </ClCompile>
    <ClCompile Include="$(MSBuildThisFileDirectory)..\..\..\..\openpeer\services\test\TestCanonicalXML.cpp">
      <Filter>openpeer\services\test</Filter>
    </ClCompile>
    <ClCompile Include="$(MSBuildThisFileDirectory)..\..\..\..\openpeer\services\test\TestDH.cpp">
      <Filter>openpeer\services\test</Filter>
    </ClCompile>
    <ClCompile Include="$(MSBuildThisFileDirectory)..\..\..\..\openpeer\services\test\TestDNS.cpp">
      <Filter>openpeer\services\test</Filter>
    </ClCompile>
    <ClCompile Include="$(MSBuildThisFileDirectory)..\..\..\..\openpeer\services\test\TestHelper.cpp">
      <Filter>openpeer\services\test</Filter>
    </ClCompile>
    <ClCompile Include="$(MSBuildThisFileDirectory)..\..\..\..\openpeer\services\test\TestICESocket.cpp">
      <Filter>openpeer\services\test</Filter>
    </ClCompile>
    <ClCompile Include="$(MSBuildThisFileDirectory)..\..\..\..\openpeer\services\test\testing.cpp">
      <Filter>openpeer\services\test</Filter>
    </ClCompile>
    <ClCompile Include="$(MSBuildThisFileDirectory)..\..\..\..\openpeer\services\test\TestRUDPICESocket.cpp">
      <Filter>openpeer\services\test</Filter>
    </ClCompile>
    <ClCompile Include="$(MSBuildThisFileDirectory)..\..\..\..\openpeer\services\test\TestRUDPICESocketLoopback.cpp">
      <Filter>openpeer\services\test</Filter>
    </ClCompile>
    <ClCompile Include="$(MSBuildThisFileDirectory)..\..\..\..\openpeer\services\test\TestRUDPListener.cpp">
      <Filter>openpeer\services\test</Filter>
    </ClCompile>
    <ClCompile Include="$(MSBuildThisFileDirectory)..\..\..\..\openpeer\services\test\TestSTUNDiscovery.cpp">
      <Filter>openpeer\services\test</Filter>
    </ClCompile>
    <ClCompile Include="$(MSBuildThisFileDirectory)..\..\..\..\openpeer\services\test\TestTCPMessagingLoopback.cpp">
      <Filter>openpeer\services\test</Filter>
    </ClCompile>
    <ClCompile Include="$(MSBuildThisFileDirectory)..\..\..\..\openpeer\services\test\TestTURNSocket.cpp">
      <Filter>openpeer\services\test</Filter>
    </ClCompile>
  </ItemGroup>
  <ItemGroup>
    <Filter Include="openpeer">
      <UniqueIdentifier>{a03ed068-ed85-4e84-a963-e7b39d8b5ae4}</UniqueIdentifier>
    </Filter>
    <Filter Include="openpeer\services">
      <UniqueIdentifier>{bc35a548-d24b-49a6-9d05-f5e4500369e7}</UniqueIdentifier>
    </Filter>
    <Filter Include="openpeer\services\test">
      <UniqueIdentifier>{aeac564c-105c-401c-b3a2-906f5c7afdd0}</UniqueIdentifier>
    </Filter>
  </ItemGroup>
</Project>