// !$*UTF8*$!
{
	archiveVersion = 1;
	classes = {
	};
	objectVersion = 46;
	objects = {

/* Begin PBXBuildFile section */
		0001AC051DA1E18C00D807DA /* main.m in Sources */ = {isa = PBXBuildFile; fileRef = 0001AC041DA1E18C00D807DA /* main.m */; };
		0001AC081DA1E18C00D807DA /* AppDelegate.m in Sources */ = {isa = PBXBuildFile; fileRef = 0001AC071DA1E18C00D807DA /* AppDelegate.m */; };
		0001AC0B1DA1E18C00D807DA /* ViewController.m in Sources */ = {isa = PBXBuildFile; fileRef = 0001AC0A1DA1E18C00D807DA /* ViewController.m */; };
		0001AC0E1DA1E18C00D807DA /* Main.storyboard in Resources */ = {isa = PBXBuildFile; fileRef = 0001AC0C1DA1E18C00D807DA /* Main.storyboard */; };
		0001AC101DA1E18C00D807DA /* Assets.xcassets in Resources */ = {isa = PBXBuildFile; fileRef = 0001AC0F1DA1E18C00D807DA /* Assets.xcassets */; };
		0001AC131DA1E18C00D807DA /* LaunchScreen.storyboard in Resources */ = {isa = PBXBuildFile; fileRef = 0001AC111DA1E18C00D807DA /* LaunchScreen.storyboard */; };
		0001AC1E1DA1E18C00D807DA /* ortclib_services_Test_iosTests.mm in Sources */ = {isa = PBXBuildFile; fileRef = 0001AC1D1DA1E18C00D807DA /* ortclib_services_Test_iosTests.mm */; };
		0001AD1B1DA1E77000D807DA /* TestBackOffTimer.cpp in Sources */ = {isa = PBXBuildFile; fileRef = 0001ACB51DA1E77000D807DA /* TestBackOffTimer.cpp */; };
		0001AD1C1DA1E77000D807DA /* TestBackOffTimer.cpp in Sources */ = {isa = PBXBuildFile; fileRef = 0001ACB51DA1E77000D807DA /* TestBackOffTimer.cpp */; };
		0001AD1D1DA1E77000D807DA /* TestCanonicalXML.cpp in Sources */ = {isa = PBXBuildFile; fileRef = 0001ACB61DA1E77000D807DA /* TestCanonicalXML.cpp */; };
		0001AD1E1DA1E77000D807DA /* TestCanonicalXML.cpp in Sources */ = {isa = PBXBuildFile; fileRef = 0001ACB61DA1E77000D807DA /* TestCanonicalXML.cpp */; };
		0001AD1F1DA1E77000D807DA /* TestDH.cpp in Sources */ = {isa = PBXBuildFile; fileRef = 0001ACB71DA1E77000D807DA /* TestDH.cpp */; };
		0001AD201DA1E77000D807DA /* TestDH.cpp in Sources */ = {isa = PBXBuildFile; fileRef = 0001ACB71DA1E77000D807DA /* TestDH.cpp */; };
		0001AD211DA1E77000D807DA /* TestDNS.cpp in Sources */ = {isa = PBXBuildFile; fileRef = 0001ACB81DA1E77000D807DA /* TestDNS.cpp */; settings = {COMPILER_FLAGS = "-Wno-unreachable-code"; }; };
		0001AD221DA1E77000D807DA /* TestDNS.cpp in Sources */ = {isa = PBXBuildFile; fileRef = 0001ACB81DA1E77000D807DA /* TestDNS.cpp */; settings = {COMPILER_FLAGS = "-Wno-unreachable-code"; }; };
		0001AD231DA1E77000D807DA /* TestHelper.cpp in Sources */ = {isa = PBXBuildFile; fileRef = 0001ACB91DA1E77000D807DA /* TestHelper.cpp */; };
		0001AD241DA1E77000D807DA /* TestHelper.cpp in Sources */ = {isa = PBXBuildFile; fileRef = 0001ACB91DA1E77000D807DA /* TestHelper.cpp */; };
		0001AD251DA1E77000D807DA /* TestICESocket.cpp in Sources */ = {isa = PBXBuildFile; fileRef = 0001ACBA1DA1E77000D807DA /* TestICESocket.cpp */; };
		0001AD261DA1E77000D807DA /* TestICESocket.cpp in Sources */ = {isa = PBXBuildFile; fileRef = 0001ACBA1DA1E77000D807DA /* TestICESocket.cpp */; };
		0001AD271DA1E77000D807DA /* testing.cpp in Sources */ = {isa = PBXBuildFile; fileRef = 0001ACBB1DA1E77000D807DA /* testing.cpp */; settings = {COMPILER_FLAGS = "-Wno-unreachable-code"; }; };
		0001AD281DA1E77000D807DA /* testing.cpp in Sources */ = {isa = PBXBuildFile; fileRef = 0001ACBB1DA1E77000D807DA /* testing.cpp */; settings = {COMPILER_FLAGS = "-Wno-unreachable-code"; }; };
		0001AD291DA1E77000D807DA /* TestRUDPICESocket.cpp in Sources */ = {isa = PBXBuildFile; fileRef = 0001ACBD1DA1E77000D807DA /* TestRUDPICESocket.cpp */; settings = {COMPILER_FLAGS = "-Wno-unreachable-code"; }; };
		0001AD2A1DA1E77000D807DA /* TestRUDPICESocket.cpp in Sources */ = {isa = PBXBuildFile; fileRef = 0001ACBD1DA1E77000D807DA /* TestRUDPICESocket.cpp */; settings = {COMPILER_FLAGS = "-Wno-unreachable-code"; }; };
		0001AD2B1DA1E77000D807DA /* TestRUDPICESocketLoopback.cpp in Sources */ = {isa = PBXBuildFile; fileRef = 0001ACBE1DA1E77000D807DA /* TestRUDPICESocketLoopback.cpp */; };
		0001AD2C1DA1E77000D807DA /* TestRUDPICESocketLoopback.cpp in Sources */ = {isa = PBXBuildFile; fileRef = 0001ACBE1DA1E77000D807DA /* TestRUDPICESocketLoopback.cpp */; };
		0001AD2D1DA1E77000D807DA /* TestRUDPListener.cpp in Sources */ = {isa = PBXBuildFile; fileRef = 0001ACBF1DA1E77000D807DA /* TestRUDPListener.cpp */; };
		0001AD2E1DA1E77000D807DA /* TestRUDPListener.cpp in Sources */ = {isa = PBXBuildFile; fileRef = 0001ACBF1DA1E77000D807DA /* TestRUDPListener.cpp */; };
		0001AD2F1DA1E77000D807DA /* TestSTUNDiscovery.cpp in Sources */ = {isa = PBXBuildFile; fileRef = 0001ACC01DA1E77000D807DA /* TestSTUNDiscovery.cpp */; };
		0001AD301DA1E77000D807DA /* TestSTUNDiscovery.cpp in Sources */ = {isa = PBXBuildFile; fileRef = 0001ACC01DA1E77000D807DA /* TestSTUNDiscovery.cpp */; };
		0001AD311DA1E77000D807DA /* TestSTUNPacket.cpp in Sources */ = {isa = PBXBuildFile; fileRef = 0001ACC11DA1E77000D807DA /* TestSTUNPacket.cpp */; };
		0001AD321DA1E77000D807DA /* TestSTUNPacket.cpp in Sources */ = {isa = PBXBuildFile; fileRef = 0001ACC11DA1E77000D807DA /* TestSTUNPacket.cpp */; };
		0001AD331DA1E77000D807DA /* TestTCPMessagingLoopback.cpp in Sources */ = {isa = PBXBuildFile; fileRef = 0001ACC21DA1E77000D807DA /* TestTCPMessagingLoopback.cpp */; };
		0001AD341DA1E77000D807DA /* TestTCPMessagingLoopback.cpp in Sources */ = {isa = PBXBuildFile; fileRef = 0001ACC21DA1E77000D807DA /* TestTCPMessagingLoopback.cpp */; };
		0001AD351DA1E77000D807DA /* TestTURNSocket.cpp in Sources */ = {isa = PBXBuildFile; fileRef = 0001ACC31DA1E77000D807DA /* TestTURNSocket.cpp */; };
		0001AD361DA1E77000D807DA /* TestTURNSocket.cpp in Sources */ = {isa = PBXBuildFile; fileRef = 0001ACC31DA1E77000D807DA /* TestTURNSocket.cpp */; };
		0001AD671DA1EBCA00D807DA /* libortclib.services-ios.a in Frameworks */ = {isa = PBXBuildFile; fileRef = 0001AD5A1DA1EAAD00D807DA /* libortclib.services-ios.a */; };
		0001AD761DA1EC2000D807DA /* libortclib.services-ios.a in Frameworks */ = {isa = PBXBuildFile; fileRef = 0001AD5A1DA1EAAD00D807DA /* libortclib.services-ios.a */; };
		0001AD801DA1ED5800D807DA /* libcurl.a in Frameworks */ = {isa = PBXBuildFile; fileRef = 0001AD7F1DA1ED5800D807DA /* libcurl.a */; };
		52C9DF0C1DA62C0400A17A3A /* libz.tbd in Frameworks */ = {isa = PBXBuildFile; fileRef = 52C9DF0B1DA62C0400A17A3A /* libz.tbd */; };
		52C9DF0E1DA62C0E00A17A3A /* Security.framework in Frameworks */ = {isa = PBXBuildFile; fileRef = 52C9DF0D1DA62C0E00A17A3A /* Security.framework */; };
		52C9DF101DA62C1C00A17A3A /* libresolv.9.tbd in Frameworks */ = {isa = PBXBuildFile; fileRef = 52C9DF0F1DA62C1C00A17A3A /* libresolv.9.tbd */; };
		52C9DF111DA62C4300A17A3A /* libcurl.a in Frameworks */ = {isa = PBXBuildFile; fileRef = 0001AD7F1DA1ED5800D807DA /* libcurl.a */; };
/* End PBXBuildFile section */

/* Begin PBXContainerItemProxy section */
		0001AC1A1DA1E18C00D807DA /* PBXContainerItemProxy */ = {
			isa = PBXContainerItemProxy;
			containerPortal = 0001ABF81DA1E18C00D807DA /* Project object */;
			proxyType = 1;
			remoteGlobalIDString = 0001ABFF1DA1E18C00D807DA;
			remoteInfo = "ortclib.services.Test-ios";
		};
		0001AD591DA1EAAD00D807DA /* PBXContainerItemProxy */ = {
			isa = PBXContainerItemProxy;
			containerPortal = 0001AD551DA1EAAD00D807DA /* ortclib.services-ios.xcodeproj */;
			proxyType = 2;
			remoteGlobalIDString = 008A13851DA1A13600D1664A;
			remoteInfo = "ortclib.services-ios";
		};
		0001AD5B1DA1EBBD00D807DA /* PBXContainerItemProxy */ = {
			isa = PBXContainerItemProxy;
			containerPortal = 0001AD551DA1EAAD00D807DA /* ortclib.services-ios.xcodeproj */;
			proxyType = 1;
			remoteGlobalIDString = 008A13841DA1A13600D1664A;
			remoteInfo = "ortclib.services-ios";
		};
		0001AD6A1DA1EBF500D807DA /* PBXContainerItemProxy */ = {
			isa = PBXContainerItemProxy;
			containerPortal = 0001AD551DA1EAAD00D807DA /* ortclib.services-ios.xcodeproj */;
			proxyType = 1;
			remoteGlobalIDString = 008A13841DA1A13600D1664A;
			remoteInfo = "ortclib.services-ios";
		};
		001AD3701DE6336400103DA3 /* PBXContainerItemProxy */ = {
			isa = PBXContainerItemProxy;
			containerPortal = 001AD3691DE6336400103DA3 /* cryptopp-ios.xcodeproj */;
			proxyType = 2;
			remoteGlobalIDString = 009BBA0A1D974F4400B6B633;
			remoteInfo = "cryptopp-ios";
		};
		001AD3731DE6336400103DA3 /* PBXContainerItemProxy */ = {
			isa = PBXContainerItemProxy;
			containerPortal = 001AD3601DE6336400103DA3 /* idnkit-ios.xcodeproj */;
			proxyType = 2;
			remoteGlobalIDString = 0001A45F1DA1DD5F00D807DA;
			remoteInfo = "idnkit-ios";
		};
		001AD3761DE6336400103DA3 /* PBXContainerItemProxy */ = {
			isa = PBXContainerItemProxy;
			containerPortal = 001AD3631DE6336400103DA3 /* udns-ios.xcodeproj */;
			proxyType = 2;
			remoteGlobalIDString = 0022EA3D1D989A1F002FCECF;
			remoteInfo = "udns-ios";
		};
		001AD3791DE6336400103DA3 /* PBXContainerItemProxy */ = {
			isa = PBXContainerItemProxy;
			containerPortal = 001AD3661DE6336400103DA3 /* zsLib-eventing-ios.xcodeproj */;
			proxyType = 2;
			remoteGlobalIDString = 008698371DE3F458009D669C;
			remoteInfo = "zsLib-eventing-ios";
		};
		001AD37C1DE6336400103DA3 /* PBXContainerItemProxy */ = {
			isa = PBXContainerItemProxy;
			containerPortal = 001AD36C1DE6336400103DA3 /* zsLib-ios.xcodeproj */;
			proxyType = 2;
			remoteGlobalIDString = 0067EE151D9C5B4E003BE1AC;
			remoteInfo = "zsLib-ios";
		};
/* End PBXContainerItemProxy section */

/* Begin PBXFileReference section */
		0001AC001DA1E18C00D807DA /* ortclib.services.Test-ios.app */ = {isa = PBXFileReference; explicitFileType = wrapper.application; includeInIndex = 0; path = "ortclib.services.Test-ios.app"; sourceTree = BUILT_PRODUCTS_DIR; };
		0001AC041DA1E18C00D807DA /* main.m */ = {isa = PBXFileReference; lastKnownFileType = sourcecode.c.objc; path = main.m; sourceTree = "<group>"; };
		0001AC061DA1E18C00D807DA /* AppDelegate.h */ = {isa = PBXFileReference; lastKnownFileType = sourcecode.c.h; path = AppDelegate.h; sourceTree = "<group>"; };
		0001AC071DA1E18C00D807DA /* AppDelegate.m */ = {isa = PBXFileReference; lastKnownFileType = sourcecode.c.objc; path = AppDelegate.m; sourceTree = "<group>"; };
		0001AC091DA1E18C00D807DA /* ViewController.h */ = {isa = PBXFileReference; lastKnownFileType = sourcecode.c.h; path = ViewController.h; sourceTree = "<group>"; };
		0001AC0A1DA1E18C00D807DA /* ViewController.m */ = {isa = PBXFileReference; lastKnownFileType = sourcecode.c.objc; path = ViewController.m; sourceTree = "<group>"; };
		0001AC0D1DA1E18C00D807DA /* Base */ = {isa = PBXFileReference; lastKnownFileType = file.storyboard; name = Base; path = Base.lproj/Main.storyboard; sourceTree = "<group>"; };
		0001AC0F1DA1E18C00D807DA /* Assets.xcassets */ = {isa = PBXFileReference; lastKnownFileType = folder.assetcatalog; path = Assets.xcassets; sourceTree = "<group>"; };
		0001AC121DA1E18C00D807DA /* Base */ = {isa = PBXFileReference; lastKnownFileType = file.storyboard; name = Base; path = Base.lproj/LaunchScreen.storyboard; sourceTree = "<group>"; };
		0001AC141DA1E18C00D807DA /* Info.plist */ = {isa = PBXFileReference; lastKnownFileType = text.plist.xml; path = Info.plist; sourceTree = "<group>"; };
		0001AC191DA1E18C00D807DA /* ortclib.services.Test-iosTests.xctest */ = {isa = PBXFileReference; explicitFileType = wrapper.cfbundle; includeInIndex = 0; path = "ortclib.services.Test-iosTests.xctest"; sourceTree = BUILT_PRODUCTS_DIR; };
		0001AC1D1DA1E18C00D807DA /* ortclib_services_Test_iosTests.mm */ = {isa = PBXFileReference; lastKnownFileType = sourcecode.cpp.objcpp; path = ortclib_services_Test_iosTests.mm; sourceTree = "<group>"; };
		0001AC1F1DA1E18C00D807DA /* Info.plist */ = {isa = PBXFileReference; lastKnownFileType = text.plist.xml; path = Info.plist; sourceTree = "<group>"; };
		0001ACB31DA1E77000D807DA /* config.h */ = {isa = PBXFileReference; fileEncoding = 4; lastKnownFileType = sourcecode.c.h; path = config.h; sourceTree = "<group>"; };
		0001ACB41DA1E77000D807DA /* main.cpp */ = {isa = PBXFileReference; fileEncoding = 4; lastKnownFileType = sourcecode.cpp.cpp; path = main.cpp; sourceTree = "<group>"; };
		0001ACB51DA1E77000D807DA /* TestBackOffTimer.cpp */ = {isa = PBXFileReference; fileEncoding = 4; lastKnownFileType = sourcecode.cpp.cpp; path = TestBackOffTimer.cpp; sourceTree = "<group>"; };
		0001ACB61DA1E77000D807DA /* TestCanonicalXML.cpp */ = {isa = PBXFileReference; fileEncoding = 4; lastKnownFileType = sourcecode.cpp.cpp; path = TestCanonicalXML.cpp; sourceTree = "<group>"; };
		0001ACB71DA1E77000D807DA /* TestDH.cpp */ = {isa = PBXFileReference; fileEncoding = 4; lastKnownFileType = sourcecode.cpp.cpp; path = TestDH.cpp; sourceTree = "<group>"; };
		0001ACB81DA1E77000D807DA /* TestDNS.cpp */ = {isa = PBXFileReference; fileEncoding = 4; lastKnownFileType = sourcecode.cpp.cpp; path = TestDNS.cpp; sourceTree = "<group>"; };
		0001ACB91DA1E77000D807DA /* TestHelper.cpp */ = {isa = PBXFileReference; fileEncoding = 4; lastKnownFileType = sourcecode.cpp.cpp; path = TestHelper.cpp; sourceTree = "<group>"; };
		0001ACBA1DA1E77000D807DA /* TestICESocket.cpp */ = {isa = PBXFileReference; fileEncoding = 4; lastKnownFileType = sourcecode.cpp.cpp; path = TestICESocket.cpp; sourceTree = "<group>"; };
		0001ACBB1DA1E77000D807DA /* testing.cpp */ = {isa = PBXFileReference; fileEncoding = 4; lastKnownFileType = sourcecode.cpp.cpp; path = testing.cpp; sourceTree = "<group>"; };
		0001ACBC1DA1E77000D807DA /* testing.h */ = {isa = PBXFileReference; fileEncoding = 4; lastKnownFileType = sourcecode.c.h; path = testing.h; sourceTree = "<group>"; };
		0001ACBD1DA1E77000D807DA /* TestRUDPICESocket.cpp */ = {isa = PBXFileReference; fileEncoding = 4; lastKnownFileType = sourcecode.cpp.cpp; path = TestRUDPICESocket.cpp; sourceTree = "<group>"; };
		0001ACBE1DA1E77000D807DA /* TestRUDPICESocketLoopback.cpp */ = {isa = PBXFileReference; fileEncoding = 4; lastKnownFileType = sourcecode.cpp.cpp; path = TestRUDPICESocketLoopback.cpp; sourceTree = "<group>"; };
		0001ACBF1DA1E77000D807DA /* TestRUDPListener.cpp */ = {isa = PBXFileReference; fileEncoding = 4; lastKnownFileType = sourcecode.cpp.cpp; path = TestRUDPListener.cpp; sourceTree = "<group>"; };
		0001ACC01DA1E77000D807DA /* TestSTUNDiscovery.cpp */ = {isa = PBXFileReference; fileEncoding = 4; lastKnownFileType = sourcecode.cpp.cpp; path = TestSTUNDiscovery.cpp; sourceTree = "<group>"; };
		0001ACC11DA1E77000D807DA /* TestSTUNPacket.cpp */ = {isa = PBXFileReference; fileEncoding = 4; lastKnownFileType = sourcecode.cpp.cpp; path = TestSTUNPacket.cpp; sourceTree = "<group>"; };
		0001ACC21DA1E77000D807DA /* TestTCPMessagingLoopback.cpp */ = {isa = PBXFileReference; fileEncoding = 4; lastKnownFileType = sourcecode.cpp.cpp; path = TestTCPMessagingLoopback.cpp; sourceTree = "<group>"; };
		0001ACC31DA1E77000D807DA /* TestTURNSocket.cpp */ = {isa = PBXFileReference; fileEncoding = 4; lastKnownFileType = sourcecode.cpp.cpp; path = TestTURNSocket.cpp; sourceTree = "<group>"; };
		0001AD551DA1EAAD00D807DA /* ortclib.services-ios.xcodeproj */ = {isa = PBXFileReference; lastKnownFileType = "wrapper.pb-project"; name = "ortclib.services-ios.xcodeproj"; path = "../ortclib.services-ios/ortclib.services-ios.xcodeproj"; sourceTree = "<group>"; };
		0001AD7F1DA1ED5800D807DA /* libcurl.a */ = {isa = PBXFileReference; lastKnownFileType = archive.ar; name = libcurl.a; path = "../../../../curl/curl/ios-dev/lib/libcurl.a"; sourceTree = "<group>"; };
		001AD3601DE6336400103DA3 /* idnkit-ios.xcodeproj */ = {isa = PBXFileReference; lastKnownFileType = "wrapper.pb-project"; name = "idnkit-ios.xcodeproj"; path = "/Users/robin/Repos/ortclib/ortclib-sdk/ortc/xplatform/ortclib-services-cpp/projects/xcode/../../../idnkit/projects/xcode/idnkit-ios/idnkit-ios.xcodeproj"; sourceTree = "<absolute>"; };
		001AD3631DE6336400103DA3 /* udns-ios.xcodeproj */ = {isa = PBXFileReference; lastKnownFileType = "wrapper.pb-project"; name = "udns-ios.xcodeproj"; path = "/Users/robin/Repos/ortclib/ortclib-sdk/ortc/xplatform/ortclib-services-cpp/projects/xcode/../../../udns/projects/xcode/udns-ios/udns-ios.xcodeproj"; sourceTree = "<absolute>"; };
		001AD3661DE6336400103DA3 /* zsLib-eventing-ios.xcodeproj */ = {isa = PBXFileReference; lastKnownFileType = "wrapper.pb-project"; name = "zsLib-eventing-ios.xcodeproj"; path = "/Users/robin/Repos/ortclib/ortclib-sdk/ortc/xplatform/ortclib-services-cpp/projects/xcode/../../../zsLib-eventing/projects/xcode/zsLib-eventing-ios/zsLib-eventing-ios.xcodeproj"; sourceTree = "<absolute>"; };
		001AD3691DE6336400103DA3 /* cryptopp-ios.xcodeproj */ = {isa = PBXFileReference; lastKnownFileType = "wrapper.pb-project"; name = "cryptopp-ios.xcodeproj"; path = "/Users/robin/Repos/ortclib/ortclib-sdk/ortc/xplatform/ortclib-services-cpp/projects/xcode/../../../cryptopp/projects/xcode/cryptopp-ios/cryptopp-ios.xcodeproj"; sourceTree = "<absolute>"; };
		001AD36C1DE6336400103DA3 /* zsLib-ios.xcodeproj */ = {isa = PBXFileReference; lastKnownFileType = "wrapper.pb-project"; name = "zsLib-ios.xcodeproj"; path = "/Users/robin/Repos/ortclib/ortclib-sdk/ortc/xplatform/ortclib-services-cpp/projects/xcode/../../../zsLib/projects/xcode/zsLib-ios/zsLib-ios.xcodeproj"; sourceTree = "<absolute>"; };
		52C9DF0B1DA62C0400A17A3A /* libz.tbd */ = {isa = PBXFileReference; lastKnownFileType = "sourcecode.text-based-dylib-definition"; name = libz.tbd; path = usr/lib/libz.tbd; sourceTree = SDKROOT; };
		52C9DF0D1DA62C0E00A17A3A /* Security.framework */ = {isa = PBXFileReference; lastKnownFileType = wrapper.framework; name = Security.framework; path = System/Library/Frameworks/Security.framework; sourceTree = SDKROOT; };
		52C9DF0F1DA62C1C00A17A3A /* libresolv.9.tbd */ = {isa = PBXFileReference; lastKnownFileType = "sourcecode.text-based-dylib-definition"; name = libresolv.9.tbd; path = usr/lib/libresolv.9.tbd; sourceTree = SDKROOT; };
/* End PBXFileReference section */

/* Begin PBXFrameworksBuildPhase section */
		0001ABFD1DA1E18C00D807DA /* Frameworks */ = {
			isa = PBXFrameworksBuildPhase;
			buildActionMask = 2147483647;
			files = (
				52C9DF111DA62C4300A17A3A /* libcurl.a in Frameworks */,
				52C9DF101DA62C1C00A17A3A /* libresolv.9.tbd in Frameworks */,
				52C9DF0E1DA62C0E00A17A3A /* Security.framework in Frameworks */,
				52C9DF0C1DA62C0400A17A3A /* libz.tbd in Frameworks */,
				0001AD761DA1EC2000D807DA /* libortclib.services-ios.a in Frameworks */,
			);
			runOnlyForDeploymentPostprocessing = 0;
		};
		0001AC161DA1E18C00D807DA /* Frameworks */ = {
			isa = PBXFrameworksBuildPhase;
			buildActionMask = 2147483647;
			files = (
				0001AD801DA1ED5800D807DA /* libcurl.a in Frameworks */,
				0001AD671DA1EBCA00D807DA /* libortclib.services-ios.a in Frameworks */,
			);
			runOnlyForDeploymentPostprocessing = 0;
		};
/* End PBXFrameworksBuildPhase section */

/* Begin PBXGroup section */
		0001ABF71DA1E18C00D807DA = {
			isa = PBXGroup;
			children = (
				0001AD551DA1EAAD00D807DA /* ortclib.services-ios.xcodeproj */,
				001AD3601DE6336400103DA3 /* idnkit-ios.xcodeproj */,
				001AD3631DE6336400103DA3 /* udns-ios.xcodeproj */,
				001AD3661DE6336400103DA3 /* zsLib-eventing-ios.xcodeproj */,
				001AD3691DE6336400103DA3 /* cryptopp-ios.xcodeproj */,
				001AD36C1DE6336400103DA3 /* zsLib-ios.xcodeproj */,
				0001AC331DA1E77000D807DA /* ortc */,
				0001AC021DA1E18C00D807DA /* ortclib.services.Test-ios */,
				0001AC1C1DA1E18C00D807DA /* ortclib.services.Test-iosTests */,
				0001AC011DA1E18C00D807DA /* Products */,
				0001AD791DA1ECAC00D807DA /* Frameworks */,
			);
			sourceTree = "<group>";
		};
		0001AC011DA1E18C00D807DA /* Products */ = {
			isa = PBXGroup;
			children = (
				0001AC001DA1E18C00D807DA /* ortclib.services.Test-ios.app */,
				0001AC191DA1E18C00D807DA /* ortclib.services.Test-iosTests.xctest */,
			);
			name = Products;
			sourceTree = "<group>";
		};
		0001AC021DA1E18C00D807DA /* ortclib.services.Test-ios */ = {
			isa = PBXGroup;
			children = (
				0001AC061DA1E18C00D807DA /* AppDelegate.h */,
				0001AC071DA1E18C00D807DA /* AppDelegate.m */,
				0001AC091DA1E18C00D807DA /* ViewController.h */,
				0001AC0A1DA1E18C00D807DA /* ViewController.m */,
				0001AC0C1DA1E18C00D807DA /* Main.storyboard */,
				0001AC0F1DA1E18C00D807DA /* Assets.xcassets */,
				0001AC111DA1E18C00D807DA /* LaunchScreen.storyboard */,
				0001AC141DA1E18C00D807DA /* Info.plist */,
				0001AC031DA1E18C00D807DA /* Supporting Files */,
			);
			path = "ortclib.services.Test-ios";
			sourceTree = "<group>";
		};
		0001AC031DA1E18C00D807DA /* Supporting Files */ = {
			isa = PBXGroup;
			children = (
				0001AC041DA1E18C00D807DA /* main.m */,
			);
			name = "Supporting Files";
			sourceTree = "<group>";
		};
		0001AC1C1DA1E18C00D807DA /* ortclib.services.Test-iosTests */ = {
			isa = PBXGroup;
			children = (
				0001AC1D1DA1E18C00D807DA /* ortclib_services_Test_iosTests.mm */,
				0001AC1F1DA1E18C00D807DA /* Info.plist */,
			);
			path = "ortclib.services.Test-iosTests";
			sourceTree = "<group>";
		};
		0001AC331DA1E77000D807DA /* ortc */ = {
			isa = PBXGroup;
			children = (
				0001AC341DA1E77000D807DA /* services */,
			);
			name = ortc;
			path = ../../../ortc;
			sourceTree = "<group>";
		};
		0001AC341DA1E77000D807DA /* services */ = {
			isa = PBXGroup;
			children = (
				0001ACB21DA1E77000D807DA /* test */,
			);
			path = services;
			sourceTree = "<group>";
		};
		0001ACB21DA1E77000D807DA /* test */ = {
			isa = PBXGroup;
			children = (
				0001ACB31DA1E77000D807DA /* config.h */,
				0001ACB41DA1E77000D807DA /* main.cpp */,
				0001ACB51DA1E77000D807DA /* TestBackOffTimer.cpp */,
				0001ACB61DA1E77000D807DA /* TestCanonicalXML.cpp */,
				0001ACB71DA1E77000D807DA /* TestDH.cpp */,
				0001ACB81DA1E77000D807DA /* TestDNS.cpp */,
				0001ACB91DA1E77000D807DA /* TestHelper.cpp */,
				0001ACBA1DA1E77000D807DA /* TestICESocket.cpp */,
				0001ACBB1DA1E77000D807DA /* testing.cpp */,
				0001ACBC1DA1E77000D807DA /* testing.h */,
				0001ACBD1DA1E77000D807DA /* TestRUDPICESocket.cpp */,
				0001ACBE1DA1E77000D807DA /* TestRUDPICESocketLoopback.cpp */,
				0001ACBF1DA1E77000D807DA /* TestRUDPListener.cpp */,
				0001ACC01DA1E77000D807DA /* TestSTUNDiscovery.cpp */,
				0001ACC11DA1E77000D807DA /* TestSTUNPacket.cpp */,
				0001ACC21DA1E77000D807DA /* TestTCPMessagingLoopback.cpp */,
				0001ACC31DA1E77000D807DA /* TestTURNSocket.cpp */,
			);
			path = test;
			sourceTree = "<group>";
		};
		0001AD561DA1EAAD00D807DA /* Products */ = {
			isa = PBXGroup;
			children = (
				0001AD5A1DA1EAAD00D807DA /* libortclib.services-ios.a */,
			);
			name = Products;
			sourceTree = "<group>";
		};
		0001AD791DA1ECAC00D807DA /* Frameworks */ = {
			isa = PBXGroup;
			children = (
				52C9DF0F1DA62C1C00A17A3A /* libresolv.9.tbd */,
				52C9DF0D1DA62C0E00A17A3A /* Security.framework */,
				52C9DF0B1DA62C0400A17A3A /* libz.tbd */,
				0001AD7F1DA1ED5800D807DA /* libcurl.a */,
			);
			name = Frameworks;
			sourceTree = "<group>";
		};
		001AD3611DE6336400103DA3 /* Products */ = {
			isa = PBXGroup;
			children = (
				001AD3741DE6336400103DA3 /* libidnkit-ios.a */,
			);
			name = Products;
			sourceTree = "<group>";
		};
		001AD3641DE6336400103DA3 /* Products */ = {
			isa = PBXGroup;
			children = (
				001AD3771DE6336400103DA3 /* libudns-ios.a */,
			);
			name = Products;
			sourceTree = "<group>";
		};
		001AD3671DE6336400103DA3 /* Products */ = {
			isa = PBXGroup;
			children = (
				001AD37A1DE6336400103DA3 /* libzsLib-eventing-ios.a */,
			);
			name = Products;
			sourceTree = "<group>";
		};
		001AD36A1DE6336400103DA3 /* Products */ = {
			isa = PBXGroup;
			children = (
				001AD3711DE6336400103DA3 /* libcryptopp-ios.a */,
			);
			name = Products;
			sourceTree = "<group>";
		};
		001AD36D1DE6336400103DA3 /* Products */ = {
			isa = PBXGroup;
			children = (
				001AD37D1DE6336400103DA3 /* libzsLib-ios.a */,
			);
			name = Products;
			sourceTree = "<group>";
		};
/* End PBXGroup section */

/* Begin PBXNativeTarget section */
		0001ABFF1DA1E18C00D807DA /* ortclib.services.Test-ios */ = {
			isa = PBXNativeTarget;
			buildConfigurationList = 0001AC221DA1E18C00D807DA /* Build configuration list for PBXNativeTarget "ortclib.services.Test-ios" */;
			buildPhases = (
				0001ABFC1DA1E18C00D807DA /* Sources */,
				0001ABFD1DA1E18C00D807DA /* Frameworks */,
				0001ABFE1DA1E18C00D807DA /* Resources */,
			);
			buildRules = (
			);
			dependencies = (
				0001AD6B1DA1EBF500D807DA /* PBXTargetDependency */,
			);
			name = "ortclib.services.Test-ios";
			productName = "ortclib.services.Test-ios";
			productReference = 0001AC001DA1E18C00D807DA /* ortclib.services.Test-ios.app */;
			productType = "com.apple.product-type.application";
		};
		0001AC181DA1E18C00D807DA /* ortclib.services.Test-iosTests */ = {
			isa = PBXNativeTarget;
			buildConfigurationList = 0001AC251DA1E18C00D807DA /* Build configuration list for PBXNativeTarget "ortclib.services.Test-iosTests" */;
			buildPhases = (
				0001AC151DA1E18C00D807DA /* Sources */,
				0001AC161DA1E18C00D807DA /* Frameworks */,
				0001AC171DA1E18C00D807DA /* Resources */,
			);
			buildRules = (
			);
			dependencies = (
				0001AD5C1DA1EBBD00D807DA /* PBXTargetDependency */,
				0001AC1B1DA1E18C00D807DA /* PBXTargetDependency */,
			);
			name = "ortclib.services.Test-iosTests";
			productName = "ortclib.services.Test-iosTests";
			productReference = 0001AC191DA1E18C00D807DA /* ortclib.services.Test-iosTests.xctest */;
			productType = "com.apple.product-type.bundle.unit-test";
		};
/* End PBXNativeTarget section */

/* Begin PBXProject section */
		0001ABF81DA1E18C00D807DA /* Project object */ = {
			isa = PBXProject;
			attributes = {
				LastUpgradeCheck = 0810;
				ORGANIZATIONNAME = "Open Peer Foundation";
				TargetAttributes = {
					0001ABFF1DA1E18C00D807DA = {
						CreatedOnToolsVersion = 8.0;
						ProvisioningStyle = Automatic;
					};
					0001AC181DA1E18C00D807DA = {
						CreatedOnToolsVersion = 8.0;
						DevelopmentTeam = C5T7YV48QM;
						ProvisioningStyle = Automatic;
						TestTargetID = 0001ABFF1DA1E18C00D807DA;
					};
				};
			};
			buildConfigurationList = 0001ABFB1DA1E18C00D807DA /* Build configuration list for PBXProject "ortclib.services.Test-ios" */;
			compatibilityVersion = "Xcode 3.2";
			developmentRegion = English;
			hasScannedForEncodings = 0;
			knownRegions = (
				en,
				Base,
			);
			mainGroup = 0001ABF71DA1E18C00D807DA;
			productRefGroup = 0001AC011DA1E18C00D807DA /* Products */;
			projectDirPath = "";
			projectReferences = (
				{
					ProductGroup = 001AD36A1DE6336400103DA3 /* Products */;
					ProjectRef = 001AD3691DE6336400103DA3 /* cryptopp-ios.xcodeproj */;
				},
				{
					ProductGroup = 001AD3611DE6336400103DA3 /* Products */;
					ProjectRef = 001AD3601DE6336400103DA3 /* idnkit-ios.xcodeproj */;
				},
				{
					ProductGroup = 0001AD561DA1EAAD00D807DA /* Products */;
					ProjectRef = 0001AD551DA1EAAD00D807DA /* ortclib.services-ios.xcodeproj */;
				},
				{
					ProductGroup = 001AD3641DE6336400103DA3 /* Products */;
					ProjectRef = 001AD3631DE6336400103DA3 /* udns-ios.xcodeproj */;
				},
				{
					ProductGroup = 001AD3671DE6336400103DA3 /* Products */;
					ProjectRef = 001AD3661DE6336400103DA3 /* zsLib-eventing-ios.xcodeproj */;
				},
				{
					ProductGroup = 001AD36D1DE6336400103DA3 /* Products */;
					ProjectRef = 001AD36C1DE6336400103DA3 /* zsLib-ios.xcodeproj */;
				},
			);
			projectRoot = "";
			targets = (
				0001ABFF1DA1E18C00D807DA /* ortclib.services.Test-ios */,
				0001AC181DA1E18C00D807DA /* ortclib.services.Test-iosTests */,
			);
		};
/* End PBXProject section */

/* Begin PBXReferenceProxy section */
		0001AD5A1DA1EAAD00D807DA /* libortclib.services-ios.a */ = {
			isa = PBXReferenceProxy;
			fileType = archive.ar;
			path = "libortclib.services-ios.a";
			remoteRef = 0001AD591DA1EAAD00D807DA /* PBXContainerItemProxy */;
			sourceTree = BUILT_PRODUCTS_DIR;
		};
		001AD3711DE6336400103DA3 /* libcryptopp-ios.a */ = {
			isa = PBXReferenceProxy;
			fileType = archive.ar;
			path = "libcryptopp-ios.a";
			remoteRef = 001AD3701DE6336400103DA3 /* PBXContainerItemProxy */;
			sourceTree = BUILT_PRODUCTS_DIR;
		};
		001AD3741DE6336400103DA3 /* libidnkit-ios.a */ = {
			isa = PBXReferenceProxy;
			fileType = archive.ar;
			path = "libidnkit-ios.a";
			remoteRef = 001AD3731DE6336400103DA3 /* PBXContainerItemProxy */;
			sourceTree = BUILT_PRODUCTS_DIR;
		};
		001AD3771DE6336400103DA3 /* libudns-ios.a */ = {
			isa = PBXReferenceProxy;
			fileType = archive.ar;
			path = "libudns-ios.a";
			remoteRef = 001AD3761DE6336400103DA3 /* PBXContainerItemProxy */;
			sourceTree = BUILT_PRODUCTS_DIR;
		};
		001AD37A1DE6336400103DA3 /* libzsLib-eventing-ios.a */ = {
			isa = PBXReferenceProxy;
			fileType = archive.ar;
			path = "libzsLib-eventing-ios.a";
			remoteRef = 001AD3791DE6336400103DA3 /* PBXContainerItemProxy */;
			sourceTree = BUILT_PRODUCTS_DIR;
		};
		001AD37D1DE6336400103DA3 /* libzsLib-ios.a */ = {
			isa = PBXReferenceProxy;
			fileType = archive.ar;
			path = "libzsLib-ios.a";
			remoteRef = 001AD37C1DE6336400103DA3 /* PBXContainerItemProxy */;
			sourceTree = BUILT_PRODUCTS_DIR;
		};
/* End PBXReferenceProxy section */

/* Begin PBXResourcesBuildPhase section */
		0001ABFE1DA1E18C00D807DA /* Resources */ = {
			isa = PBXResourcesBuildPhase;
			buildActionMask = 2147483647;
			files = (
				0001AC131DA1E18C00D807DA /* LaunchScreen.storyboard in Resources */,
				0001AC101DA1E18C00D807DA /* Assets.xcassets in Resources */,
				0001AC0E1DA1E18C00D807DA /* Main.storyboard in Resources */,
			);
			runOnlyForDeploymentPostprocessing = 0;
		};
		0001AC171DA1E18C00D807DA /* Resources */ = {
			isa = PBXResourcesBuildPhase;
			buildActionMask = 2147483647;
			files = (
			);
			runOnlyForDeploymentPostprocessing = 0;
		};
/* End PBXResourcesBuildPhase section */

/* Begin PBXSourcesBuildPhase section */
		0001ABFC1DA1E18C00D807DA /* Sources */ = {
			isa = PBXSourcesBuildPhase;
			buildActionMask = 2147483647;
			files = (
				0001AC0B1DA1E18C00D807DA /* ViewController.m in Sources */,
				0001AD231DA1E77000D807DA /* TestHelper.cpp in Sources */,
				0001AD1F1DA1E77000D807DA /* TestDH.cpp in Sources */,
				0001AD351DA1E77000D807DA /* TestTURNSocket.cpp in Sources */,
				0001AD331DA1E77000D807DA /* TestTCPMessagingLoopback.cpp in Sources */,
				0001AD1D1DA1E77000D807DA /* TestCanonicalXML.cpp in Sources */,
				0001AD2B1DA1E77000D807DA /* TestRUDPICESocketLoopback.cpp in Sources */,
				0001AD1B1DA1E77000D807DA /* TestBackOffTimer.cpp in Sources */,
				0001AD271DA1E77000D807DA /* testing.cpp in Sources */,
				0001AC081DA1E18C00D807DA /* AppDelegate.m in Sources */,
				0001AD2D1DA1E77000D807DA /* TestRUDPListener.cpp in Sources */,
				0001AD211DA1E77000D807DA /* TestDNS.cpp in Sources */,
				0001AD251DA1E77000D807DA /* TestICESocket.cpp in Sources */,
				0001AD291DA1E77000D807DA /* TestRUDPICESocket.cpp in Sources */,
				0001AC051DA1E18C00D807DA /* main.m in Sources */,
				0001AD2F1DA1E77000D807DA /* TestSTUNDiscovery.cpp in Sources */,
				0001AD311DA1E77000D807DA /* TestSTUNPacket.cpp in Sources */,
			);
			runOnlyForDeploymentPostprocessing = 0;
		};
		0001AC151DA1E18C00D807DA /* Sources */ = {
			isa = PBXSourcesBuildPhase;
			buildActionMask = 2147483647;
			files = (
				0001AC1E1DA1E18C00D807DA /* ortclib_services_Test_iosTests.mm in Sources */,
				0001AD1C1DA1E77000D807DA /* TestBackOffTimer.cpp in Sources */,
				0001AD221DA1E77000D807DA /* TestDNS.cpp in Sources */,
				0001AD301DA1E77000D807DA /* TestSTUNDiscovery.cpp in Sources */,
				0001AD2E1DA1E77000D807DA /* TestRUDPListener.cpp in Sources */,
				0001AD261DA1E77000D807DA /* TestICESocket.cpp in Sources */,
				0001AD201DA1E77000D807DA /* TestDH.cpp in Sources */,
				0001AD241DA1E77000D807DA /* TestHelper.cpp in Sources */,
				0001AD2C1DA1E77000D807DA /* TestRUDPICESocketLoopback.cpp in Sources */,
				0001AD321DA1E77000D807DA /* TestSTUNPacket.cpp in Sources */,
				0001AD2A1DA1E77000D807DA /* TestRUDPICESocket.cpp in Sources */,
				0001AD341DA1E77000D807DA /* TestTCPMessagingLoopback.cpp in Sources */,
				0001AD1E1DA1E77000D807DA /* TestCanonicalXML.cpp in Sources */,
				0001AD281DA1E77000D807DA /* testing.cpp in Sources */,
				0001AD361DA1E77000D807DA /* TestTURNSocket.cpp in Sources */,
			);
			runOnlyForDeploymentPostprocessing = 0;
		};
/* End PBXSourcesBuildPhase section */

/* Begin PBXTargetDependency section */
		0001AC1B1DA1E18C00D807DA /* PBXTargetDependency */ = {
			isa = PBXTargetDependency;
			target = 0001ABFF1DA1E18C00D807DA /* ortclib.services.Test-ios */;
			targetProxy = 0001AC1A1DA1E18C00D807DA /* PBXContainerItemProxy */;
		};
		0001AD5C1DA1EBBD00D807DA /* PBXTargetDependency */ = {
			isa = PBXTargetDependency;
			name = "ortclib.services-ios";
			targetProxy = 0001AD5B1DA1EBBD00D807DA /* PBXContainerItemProxy */;
		};
		0001AD6B1DA1EBF500D807DA /* PBXTargetDependency */ = {
			isa = PBXTargetDependency;
			name = "ortclib.services-ios";
			targetProxy = 0001AD6A1DA1EBF500D807DA /* PBXContainerItemProxy */;
		};
/* End PBXTargetDependency section */

/* Begin PBXVariantGroup section */
		0001AC0C1DA1E18C00D807DA /* Main.storyboard */ = {
			isa = PBXVariantGroup;
			children = (
				0001AC0D1DA1E18C00D807DA /* Base */,
			);
			name = Main.storyboard;
			sourceTree = "<group>";
		};
		0001AC111DA1E18C00D807DA /* LaunchScreen.storyboard */ = {
			isa = PBXVariantGroup;
			children = (
				0001AC121DA1E18C00D807DA /* Base */,
			);
			name = LaunchScreen.storyboard;
			sourceTree = "<group>";
		};
/* End PBXVariantGroup section */

/* Begin XCBuildConfiguration section */
		0001AC201DA1E18C00D807DA /* Debug */ = {
			isa = XCBuildConfiguration;
			buildSettings = {
				ALWAYS_SEARCH_USER_PATHS = NO;
				CLANG_ANALYZER_NONNULL = YES;
				CLANG_CXX_LANGUAGE_STANDARD = "c++0x";
				CLANG_CXX_LIBRARY = "libc++";
				CLANG_ENABLE_MODULES = YES;
				CLANG_ENABLE_OBJC_ARC = YES;
				CLANG_WARN_BOOL_CONVERSION = YES;
				CLANG_WARN_CONSTANT_CONVERSION = YES;
				CLANG_WARN_DIRECT_OBJC_ISA_USAGE = YES_ERROR;
				CLANG_WARN_DOCUMENTATION_COMMENTS = YES;
				CLANG_WARN_EMPTY_BODY = YES;
				CLANG_WARN_ENUM_CONVERSION = YES;
				CLANG_WARN_INFINITE_RECURSION = YES;
				CLANG_WARN_INT_CONVERSION = YES;
				CLANG_WARN_OBJC_ROOT_CLASS = YES_ERROR;
				CLANG_WARN_SUSPICIOUS_MOVE = YES;
				CLANG_WARN_SUSPICIOUS_MOVES = YES;
				CLANG_WARN_UNREACHABLE_CODE = YES;
				CLANG_WARN__DUPLICATE_METHOD_MATCH = YES;
				"CODE_SIGN_IDENTITY[sdk=iphoneos*]" = "iPhone Developer";
				COPY_PHASE_STRIP = NO;
				DEBUG_INFORMATION_FORMAT = dwarf;
				ENABLE_STRICT_OBJC_MSGSEND = YES;
				ENABLE_TESTABILITY = YES;
				GCC_C_LANGUAGE_STANDARD = gnu99;
				GCC_DYNAMIC_NO_PIC = NO;
				GCC_NO_COMMON_BLOCKS = YES;
				GCC_OPTIMIZATION_LEVEL = 0;
				GCC_PREPROCESSOR_DEFINITIONS = (
					"DEBUG=1",
					"$(inherited)",
				);
				GCC_WARN_64_TO_32_BIT_CONVERSION = YES;
				GCC_WARN_ABOUT_RETURN_TYPE = YES_ERROR;
				GCC_WARN_UNDECLARED_SELECTOR = YES;
				GCC_WARN_UNINITIALIZED_AUTOS = YES_AGGRESSIVE;
				GCC_WARN_UNUSED_FUNCTION = YES;
				GCC_WARN_UNUSED_VARIABLE = YES;
				HEADER_SEARCH_PATHS = (
					../../..,
					../../../..,
					../../../../zsLib,
					"../../../../zsLib-eventing",
				);
				IPHONEOS_DEPLOYMENT_TARGET = 10.0;
				LIBRARY_SEARCH_PATHS = "../../../../curl/curl/ios-dev/lib";
				MTL_ENABLE_DEBUG_INFO = YES;
				ONLY_ACTIVE_ARCH = YES;
				SDKROOT = iphoneos;
				TARGETED_DEVICE_FAMILY = "1,2";
			};
			name = Debug;
		};
		0001AC211DA1E18C00D807DA /* Release */ = {
			isa = XCBuildConfiguration;
			buildSettings = {
				ALWAYS_SEARCH_USER_PATHS = NO;
				CLANG_ANALYZER_NONNULL = YES;
				CLANG_CXX_LANGUAGE_STANDARD = "c++0x";
				CLANG_CXX_LIBRARY = "libc++";
				CLANG_ENABLE_MODULES = YES;
				CLANG_ENABLE_OBJC_ARC = YES;
				CLANG_WARN_BOOL_CONVERSION = YES;
				CLANG_WARN_CONSTANT_CONVERSION = YES;
				CLANG_WARN_DIRECT_OBJC_ISA_USAGE = YES_ERROR;
				CLANG_WARN_DOCUMENTATION_COMMENTS = YES;
				CLANG_WARN_EMPTY_BODY = YES;
				CLANG_WARN_ENUM_CONVERSION = YES;
				CLANG_WARN_INFINITE_RECURSION = YES;
				CLANG_WARN_INT_CONVERSION = YES;
				CLANG_WARN_OBJC_ROOT_CLASS = YES_ERROR;
				CLANG_WARN_SUSPICIOUS_MOVE = YES;
				CLANG_WARN_SUSPICIOUS_MOVES = YES;
				CLANG_WARN_UNREACHABLE_CODE = YES;
				CLANG_WARN__DUPLICATE_METHOD_MATCH = YES;
				"CODE_SIGN_IDENTITY[sdk=iphoneos*]" = "iPhone Developer";
				COPY_PHASE_STRIP = NO;
				DEBUG_INFORMATION_FORMAT = "dwarf-with-dsym";
				ENABLE_NS_ASSERTIONS = NO;
				ENABLE_STRICT_OBJC_MSGSEND = YES;
				GCC_C_LANGUAGE_STANDARD = gnu99;
				GCC_NO_COMMON_BLOCKS = YES;
				GCC_PREPROCESSOR_DEFINITIONS = "NDEBUG=1";
				GCC_WARN_64_TO_32_BIT_CONVERSION = YES;
				GCC_WARN_ABOUT_RETURN_TYPE = YES_ERROR;
				GCC_WARN_UNDECLARED_SELECTOR = YES;
				GCC_WARN_UNINITIALIZED_AUTOS = YES_AGGRESSIVE;
				GCC_WARN_UNUSED_FUNCTION = YES;
				GCC_WARN_UNUSED_VARIABLE = YES;
				HEADER_SEARCH_PATHS = (
					../../..,
					../../../..,
					../../../../zsLib,
					"../../../../zsLib-eventing",
				);
				IPHONEOS_DEPLOYMENT_TARGET = 10.0;
				LIBRARY_SEARCH_PATHS = "../../../../curl/curl/ios-dev/lib";
				MTL_ENABLE_DEBUG_INFO = NO;
				SDKROOT = iphoneos;
				TARGETED_DEVICE_FAMILY = "1,2";
				VALIDATE_PRODUCT = YES;
			};
			name = Release;
		};
		0001AC231DA1E18C00D807DA /* Debug */ = {
			isa = XCBuildConfiguration;
			buildSettings = {
				ASSETCATALOG_COMPILER_APPICON_NAME = AppIcon;
				DEVELOPMENT_TEAM = "";
				INFOPLIST_FILE = "ortclib.services.Test-ios/Info.plist";
				LD_RUNPATH_SEARCH_PATHS = "$(inherited) @executable_path/Frameworks";
				PRODUCT_BUNDLE_IDENTIFIER = "org.ortclib.ortclib-services-Test-ios";
				PRODUCT_NAME = "$(TARGET_NAME)";
			};
			name = Debug;
		};
		0001AC241DA1E18C00D807DA /* Release */ = {
			isa = XCBuildConfiguration;
			buildSettings = {
				ASSETCATALOG_COMPILER_APPICON_NAME = AppIcon;
				DEVELOPMENT_TEAM = "";
				INFOPLIST_FILE = "ortclib.services.Test-ios/Info.plist";
				LD_RUNPATH_SEARCH_PATHS = "$(inherited) @executable_path/Frameworks";
				PRODUCT_BUNDLE_IDENTIFIER = "org.ortclib.ortclib-services-Test-ios";
				PRODUCT_NAME = "$(TARGET_NAME)";
			};
			name = Release;
		};
		0001AC261DA1E18C00D807DA /* Debug */ = {
			isa = XCBuildConfiguration;
			buildSettings = {
				BUNDLE_LOADER = "$(TEST_HOST)";
				DEVELOPMENT_TEAM = C5T7YV48QM;
				ENABLE_BITCODE = NO;
				INFOPLIST_FILE = "ortclib.services.Test-iosTests/Info.plist";
				LD_RUNPATH_SEARCH_PATHS = "$(inherited) @executable_path/Frameworks @loader_path/Frameworks";
				PRODUCT_BUNDLE_IDENTIFIER = "org.ortclib.ortclib-services-Test-iosTests";
				PRODUCT_NAME = "$(TARGET_NAME)";
				TEST_HOST = "$(BUILT_PRODUCTS_DIR)/ortclib.services.Test-ios.app/ortclib.services.Test-ios";
			};
			name = Debug;
		};
		0001AC271DA1E18C00D807DA /* Release */ = {
			isa = XCBuildConfiguration;
			buildSettings = {
				BUNDLE_LOADER = "$(TEST_HOST)";
				DEVELOPMENT_TEAM = C5T7YV48QM;
				ENABLE_BITCODE = NO;
				INFOPLIST_FILE = "ortclib.services.Test-iosTests/Info.plist";
				LD_RUNPATH_SEARCH_PATHS = "$(inherited) @executable_path/Frameworks @loader_path/Frameworks";
				PRODUCT_BUNDLE_IDENTIFIER = "org.ortclib.ortclib-services-Test-iosTests";
				PRODUCT_NAME = "$(TARGET_NAME)";
				TEST_HOST = "$(BUILT_PRODUCTS_DIR)/ortclib.services.Test-ios.app/ortclib.services.Test-ios";
			};
			name = Release;
		};
/* End XCBuildConfiguration section */

/* Begin XCConfigurationList section */
		0001ABFB1DA1E18C00D807DA /* Build configuration list for PBXProject "ortclib.services.Test-ios" */ = {
			isa = XCConfigurationList;
			buildConfigurations = (
				0001AC201DA1E18C00D807DA /* Debug */,
				0001AC211DA1E18C00D807DA /* Release */,
			);
			defaultConfigurationIsVisible = 0;
			defaultConfigurationName = Release;
		};
		0001AC221DA1E18C00D807DA /* Build configuration list for PBXNativeTarget "ortclib.services.Test-ios" */ = {
			isa = XCConfigurationList;
			buildConfigurations = (
				0001AC231DA1E18C00D807DA /* Debug */,
				0001AC241DA1E18C00D807DA /* Release */,
			);
			defaultConfigurationIsVisible = 0;
			defaultConfigurationName = Release;
		};
		0001AC251DA1E18C00D807DA /* Build configuration list for PBXNativeTarget "ortclib.services.Test-iosTests" */ = {
			isa = XCConfigurationList;
			buildConfigurations = (
				0001AC261DA1E18C00D807DA /* Debug */,
				0001AC271DA1E18C00D807DA /* Release */,
			);
			defaultConfigurationIsVisible = 0;
			defaultConfigurationName = Release;
		};
/* End XCConfigurationList section */
	};
	rootObject = 0001ABF81DA1E18C00D807DA /* Project object */;
}
